<?xml version="1.0" encoding="utf-8"?>
<Project ToolsVersion="4.0" xmlns="http://schemas.microsoft.com/developer/msbuild/2003">
  <ItemGroup>
    <Filter Include="源文件">
      <UniqueIdentifier>{4FC737F1-C7A5-4376-A066-2A32D752A2FF}</UniqueIdentifier>
      <Extensions>cpp;c;cc;cxx;c++;cppm;ixx;def;odl;idl;hpj;bat;asm;asmx</Extensions>
    </Filter>
    <Filter Include="头文件">
      <UniqueIdentifier>{93995380-89BD-4b04-88EB-625FBE52EBFB}</UniqueIdentifier>
      <Extensions>h;hh;hpp;hxx;h++;hm;inl;inc;ipp;xsd</Extensions>
    </Filter>
    <Filter Include="资源文件">
      <UniqueIdentifier>{67DA6AB6-F800-4c08-8B7A-83BB121AAD01}</UniqueIdentifier>
      <Extensions>rc;ico;cur;bmp;dlg;rc2;rct;bin;rgs;gif;jpg;jpeg;jpe;resx;tiff;tif;png;wav;mfcribbon-ms</Extensions>
    </Filter>
    <Filter Include="源文件\module">
      <UniqueIdentifier>{ec624962-8454-4493-a2c5-fed4d46b0c6f}</UniqueIdentifier>
    </Filter>
  </ItemGroup>
  <ItemGroup>
    <ClCompile Include="001_printf.c">
      <Filter>源文件</Filter>
    </ClCompile>
    <ClCompile Include="002_scanf.c">
      <Filter>源文件</Filter>
    </ClCompile>
    <ClCompile Include="003_运算符.c">
      <Filter>源文件</Filter>
    </ClCompile>
    <ClCompile Include="004_流程控制IF.c">
      <Filter>源文件</Filter>
    </ClCompile>
    <ClCompile Include="005_size.c">
      <Filter>源文件</Filter>
    </ClCompile>
    <ClCompile Include="006_type.c">
      <Filter>源文件</Filter>
    </ClCompile>
    <ClCompile Include="007_交换两个值.c">
      <Filter>源文件</Filter>
    </ClCompile>
    <ClCompile Include="009_结构体.c">
      <Filter>源文件</Filter>
    </ClCompile>
    <ClCompile Include="008_指针.c">
      <Filter>源文件</Filter>
    </ClCompile>
    <ClCompile Include="010_练习if.c">
      <Filter>源文件</Filter>
    </ClCompile>
    <ClCompile Include="011_getchar.c">
      <Filter>源文件</Filter>
    </ClCompile>
    <ClCompile Include="013_阶乘练习.c">
      <Filter>源文件</Filter>
    </ClCompile>
    <ClCompile Include="012_doWhile.c">
      <Filter>源文件</Filter>
    </ClCompile>
    <ClCompile Include="014_最大公约数.c">
      <Filter>源文件</Filter>
    </ClCompile>
    <ClCompile Include="015_闰年.c">
      <Filter>源文件</Filter>
    </ClCompile>
    <ClCompile Include="016_素数.c">
      <Filter>源文件</Filter>
    </ClCompile>
    <ClCompile Include="017_计数9.c">
      <Filter>源文件</Filter>
    </ClCompile>
    <ClCompile Include="018_分数求和.c">
      <Filter>源文件</Filter>
    </ClCompile>
    <ClCompile Include="019_求最大值.c">
      <Filter>源文件</Filter>
    </ClCompile>
    <ClCompile Include="020_乘法口诀表.c">
      <Filter>源文件</Filter>
    </ClCompile>
    <ClCompile Include="021_二分查找法.c">
      <Filter>源文件</Filter>
    </ClCompile>
    <ClCompile Include="022_猜数字游戏.c">
      <Filter>源文件</Filter>
    </ClCompile>
    <ClCompile Include="023_关机程序.c">
      <Filter>源文件</Filter>
    </ClCompile>
    <ClCompile Include="024_函数.c">
      <Filter>源文件</Filter>
    </ClCompile>
    <ClCompile Include="025_自定义函数.c">
      <Filter>源文件</Filter>
    </ClCompile>
    <ClCompile Include="027_函数声明与定义.c">
      <Filter>源文件</Filter>
    </ClCompile>
    <ClCompile Include="026_自定义函数2.c">
      <Filter>源文件</Filter>
    </ClCompile>
    <ClCompile Include="mul.c">
      <Filter>源文件\module</Filter>
    </ClCompile>
    <ClCompile Include="028_递归.c">
      <Filter>源文件</Filter>
    </ClCompile>
    <ClCompile Include="029_递归2.c">
      <Filter>源文件</Filter>
    </ClCompile>
    <ClCompile Include="030_递归3.c">
      <Filter>源文件</Filter>
    </ClCompile>
    <ClCompile Include="031_数组.c">
      <Filter>源文件</Filter>
    </ClCompile>
    <ClCompile Include="032_数组在内存中的布局.c">
      <Filter>源文件</Filter>
    </ClCompile>
    <ClCompile Include="033_二维数组.c">
      <Filter>源文件</Filter>
    </ClCompile>
    <ClCompile Include="034_冒泡排序.c">
      <Filter>源文件</Filter>
    </ClCompile>
  </ItemGroup>
  <ItemGroup>
    <ClInclude Include="mul.h">
      <Filter>头文件</Filter>
    </ClInclude>
  </ItemGroup>
</Project>